
Microsoft Visual Studio Solution File, Format Version 12.00
# Visual Studio Version 16
VisualStudioVersion = 16.0.29519.87
MinimumVisualStudioVersion = 10.0.40219.1
Project("{FAE04EC0-301F-11D3-BF4B-00C04F79EFBC}") = "KumaFoods", "KumaFoods\KumaFoods.csproj", "{AFE814BC-D73F-4058-8185-84EB6B1D3B5E}"
EndProject
Global
	GlobalSection(SolutionConfigurationPlatforms) = preSolution
		Debug|Any CPU = Debug|Any CPU
		Release|Any CPU = Release|Any CPU
	EndGlobalSection
	GlobalSection(ProjectConfigurationPlatforms) = postSolution
		{AFE814BC-D73F-4058-8185-84EB6B1D3B5E}.Debug|Any CPU.ActiveCfg = Debug|Any CPU
		{AFE814BC-D73F-4058-8185-84EB6B1D3B5E}.Debug|Any CPU.Build.0 = Debug|Any CPU
		{AFE814BC-D73F-4058-8185-84EB6B1D3B5E}.Release|Any CPU.ActiveCfg = Release|Any CPU
		{AFE814BC-D73F-4058-8185-84EB6B1D3B5E}.Release|Any CPU.Build.0 = Release|Any CPU
	EndGlobalSection
	GlobalSection(SolutionProperties) = preSolution
		HideSolutionNode = FALSE
	EndGlobalSection
	GlobalSection(ExtensibilityGlobals) = postSolution
		SolutionGuid = {881B2F64-0989-4358-9EE8-87230A6821D1}
	EndGlobalSection
EndGlobal
